
Microsoft Visual Studio Solution File, Format Version 12.00
# Visual Studio Version 17
VisualStudioVersion = 17.2.32630.192
MinimumVisualStudioVersion = 10.0.40219.1
Project("{FAE04EC0-301F-11D3-BF4B-00C04F79EFBC}") = "ZeroTouchIcon", "ZeroTouchIcon.csproj", "{DD5E62C4-2D00-4C4C-99FA-4F97FE56996F}"
EndProject
Global
	GlobalSection(SolutionConfigurationPlatforms) = preSolution
		Debug|Any CPU = Debug|Any CPU
		Release|Any CPU = Release|Any CPU
	EndGlobalSection
	GlobalSection(ProjectConfigurationPlatforms) = postSolution
		{DD5E62C4-2D00-4C4C-99FA-4F97FE56996F}.Debug|Any CPU.ActiveCfg = Debug|Any CPU
		{DD5E62C4-2D00-4C4C-99FA-4F97FE56996F}.Debug|Any CPU.Build.0 = Debug|Any CPU
		{DD5E62C4-2D00-4C4C-99FA-4F97FE56996F}.Release|Any CPU.ActiveCfg = Release|Any CPU
		{DD5E62C4-2D00-4C4C-99FA-4F97FE56996F}.Release|Any CPU.Build.0 = Release|Any CPU
	EndGlobalSection
	GlobalSection(SolutionProperties) = preSolution
		HideSolutionNode = FALSE
	EndGlobalSection
	GlobalSection(ExtensibilityGlobals) = postSolution
		SolutionGuid = {0DD85B2A-F1CE-42BD-91F8-A570ACBACDB0}
	EndGlobalSection
EndGlobal
